
Microsoft Visual Studio Solution File, Format Version 12.00
# Visual Studio Version 17
VisualStudioVersion = 17.4.33213.308
MinimumVisualStudioVersion = 10.0.40219.1
Project("{FAE04EC0-301F-11D3-BF4B-00C04F79EFBC}") = "aplicacion1", "aplicacion1.csproj", "{5E17815A-9357-4944-85DD-E5A925298E79}"
EndProject
Global
	GlobalSection(SolutionConfigurationPlatforms) = preSolution
		Debug|Any CPU = Debug|Any CPU
		Release|Any CPU = Release|Any CPU
	EndGlobalSection
	GlobalSection(ProjectConfigurationPlatforms) = postSolution
		{5E17815A-9357-4944-85DD-E5A925298E79}.Debug|Any CPU.ActiveCfg = Debug|Any CPU
		{5E17815A-9357-4944-85DD-E5A925298E79}.Debug|Any CPU.Build.0 = Debug|Any CPU
		{5E17815A-9357-4944-85DD-E5A925298E79}.Release|Any CPU.ActiveCfg = Release|Any CPU
		{5E17815A-9357-4944-85DD-E5A925298E79}.Release|Any CPU.Build.0 = Release|Any CPU
	EndGlobalSection
	GlobalSection(SolutionProperties) = preSolution
		HideSolutionNode = FALSE
	EndGlobalSection
	GlobalSection(ExtensibilityGlobals) = postSolution
		SolutionGuid = {4D4F3F8C-36B7-4D02-B4B0-E0D367A8670E}
	EndGlobalSection
EndGlobal
